
Microsoft Visual Studio Solution File, Format Version 12.00
# Visual Studio 2012
Project("{9092AA53-FB77-4645-B42D-1CCCA6BD08BD}") = "pagetopdf", "pagetopdf.njsproj", "{05B9A040-6DA4-48BE-9440-0C40C0EB2F0C}"
EndProject
Global
	GlobalSection(SolutionConfigurationPlatforms) = preSolution
		Debug|Any CPU = Debug|Any CPU
		Release|Any CPU = Release|Any CPU
	EndGlobalSection
	GlobalSection(ProjectConfigurationPlatforms) = postSolution
		{05B9A040-6DA4-48BE-9440-0C40C0EB2F0C}.Debug|Any CPU.ActiveCfg = Debug|Any CPU
		{05B9A040-6DA4-48BE-9440-0C40C0EB2F0C}.Debug|Any CPU.Build.0 = Debug|Any CPU
		{05B9A040-6DA4-48BE-9440-0C40C0EB2F0C}.Release|Any CPU.ActiveCfg = Release|Any CPU
		{05B9A040-6DA4-48BE-9440-0C40C0EB2F0C}.Release|Any CPU.Build.0 = Release|Any CPU
	EndGlobalSection
	GlobalSection(SolutionProperties) = preSolution
		HideSolutionNode = FALSE
	EndGlobalSection
EndGlobal
